
Microsoft Visual Studio Solution File, Format Version 12.00
# Visual Studio Version 17
VisualStudioVersion = 17.5.002.0
MinimumVisualStudioVersion = 10.0.40219.1
Project("{9A19103F-16F7-4668-BE54-9A1E7A4F7556}") = "DocumentationExamples", "DocumentationExamples.csproj", "{37171C51-3C6F-4147-A8AD-628AE233BFDE}"
EndProject
Global
	GlobalSection(SolutionConfigurationPlatforms) = preSolution
		Debug|Any CPU = Debug|Any CPU
		Release|Any CPU = Release|Any CPU
	EndGlobalSection
	GlobalSection(ProjectConfigurationPlatforms) = postSolution
		{37171C51-3C6F-4147-A8AD-628AE233BFDE}.Debug|Any CPU.ActiveCfg = Debug|Any CPU
		{37171C51-3C6F-4147-A8AD-628AE233BFDE}.Debug|Any CPU.Build.0 = Debug|Any CPU
		{37171C51-3C6F-4147-A8AD-628AE233BFDE}.Release|Any CPU.ActiveCfg = Release|Any CPU
		{37171C51-3C6F-4147-A8AD-628AE233BFDE}.Release|Any CPU.Build.0 = Release|Any CPU
	EndGlobalSection
	GlobalSection(SolutionProperties) = preSolution
		HideSolutionNode = FALSE
	EndGlobalSection
	GlobalSection(ExtensibilityGlobals) = postSolution
		SolutionGuid = {EE6B7CA6-F22D-4653-AFC4-AD3919C06F3B}
	EndGlobalSection
EndGlobal
