
Microsoft Visual Studio Solution File, Format Version 12.00
# Visual Studio Version 16
VisualStudioVersion = 16.0.30503.244
MinimumVisualStudioVersion = 15.0.26124.0
Project("{2150E333-8FDC-42A3-9474-1A3956D46DE8}") = "src", "src", "{6AE186F6-BAB1-4143-808F-D4EDD09FB5EB}"
EndProject
Project("{2150E333-8FDC-42A3-9474-1A3956D46DE8}") = "DotNetCore", "DotNetCore", "{6E444B13-A50E-45AD-A7CB-11A970610D42}"
EndProject
Project("{9A19103F-16F7-4668-BE54-9A1E7A4F7556}") = "TodoApi", "src\DotNetCore\TodoApi\TodoApi.csproj", "{8982E45C-9F79-4484-ACC8-17B2AAAE7A52}"
EndProject
Project("{2150E333-8FDC-42A3-9474-1A3956D46DE8}") = "tests", "tests", "{3988B127-43E6-4D6D-A543-75906666686C}"
EndProject
Project("{2150E333-8FDC-42A3-9474-1A3956D46DE8}") = "Solution Items", "Solution Items", "{4D863542-63E5-4434-9924-745D28AF6535}"
	ProjectSection(SolutionItems) = preProject
		.editorconfig = .editorconfig
		.gitattributes = .gitattributes
		.gitignore = .gitignore
		NuGet.Config = NuGet.Config
		README.md = README.md
	EndProjectSection
EndProject
Project("{2150E333-8FDC-42A3-9474-1A3956D46DE8}") = "RedisDemo", "RedisDemo", "{E04BEDA8-ADE4-463C-8DA5-EB069FEA3579}"
EndProject
Project("{9A19103F-16F7-4668-BE54-9A1E7A4F7556}") = "RedisLock", "src\RedisDemo\RedisLock\RedisLock.csproj", "{F2FB624E-DBE1-4C99-861F-6DAD35A6223D}"
EndProject
Project("{2150E333-8FDC-42A3-9474-1A3956D46DE8}") = "Routs", "Routs", "{8DBEDB6B-D911-49BA-9EA3-764D8BCE19EE}"
EndProject
Project("{9A19103F-16F7-4668-BE54-9A1E7A4F7556}") = "RazorPagesMovie", "src\DotNetCore\RazorPagesMovie\RazorPagesMovie.csproj", "{77654D63-A381-47DE-B9DB-52273874BE71}"
EndProject
Project("{9A19103F-16F7-4668-BE54-9A1E7A4F7556}") = "MvcMovies", "src\DotNetCore\MvcMovies\MvcMovies.csproj", "{BC04810B-446E-4CA3-80D1-1DA4B99D3C8A}"
EndProject
Project("{2150E333-8FDC-42A3-9474-1A3956D46DE8}") = "DotNetCoreTest", "DotNetCoreTest", "{51C7BAF7-0840-4266-9CAE-B07B4FA299A9}"
EndProject
Project("{9A19103F-16F7-4668-BE54-9A1E7A4F7556}") = "MvcXUnitTest", "tests\DotNetCoreTest\MvcXUnitTest\MvcXUnitTest.csproj", "{DD47CE47-F8F6-4FC1-BD48-BDAF085DF11D}"
EndProject
Project("{9A19103F-16F7-4668-BE54-9A1E7A4F7556}") = "NetCoreWithAngular", "src\DotNetCore\NetCoreWithAngular\NetCoreWithAngular.csproj", "{851822CD-ACD4-4484-8593-F3A65A2A2F58}"
EndProject
Project("{9A19103F-16F7-4668-BE54-9A1E7A4F7556}") = "NetCoreWithReact", "src\DotNetCore\NetCoreWithReact\NetCoreWithReact.csproj", "{60AB81B7-7828-49F6-A258-911529915D26}"
EndProject
Project("{9A19103F-16F7-4668-BE54-9A1E7A4F7556}") = "NetCoreWithReactRedux", "src\DotNetCore\NetCoreWithReactRedux\NetCoreWithReactRedux.csproj", "{46C08763-F542-4F6C-AB3F-0C62C36A2F06}"
EndProject
Global
	GlobalSection(SolutionConfigurationPlatforms) = preSolution
		Debug|Any CPU = Debug|Any CPU
		Release|Any CPU = Release|Any CPU
	EndGlobalSection
	GlobalSection(ProjectConfigurationPlatforms) = postSolution
		{8982E45C-9F79-4484-ACC8-17B2AAAE7A52}.Debug|Any CPU.ActiveCfg = Debug|Any CPU
		{8982E45C-9F79-4484-ACC8-17B2AAAE7A52}.Debug|Any CPU.Build.0 = Debug|Any CPU
		{8982E45C-9F79-4484-ACC8-17B2AAAE7A52}.Release|Any CPU.ActiveCfg = Release|Any CPU
		{8982E45C-9F79-4484-ACC8-17B2AAAE7A52}.Release|Any CPU.Build.0 = Release|Any CPU
		{F2FB624E-DBE1-4C99-861F-6DAD35A6223D}.Debug|Any CPU.ActiveCfg = Debug|Any CPU
		{F2FB624E-DBE1-4C99-861F-6DAD35A6223D}.Debug|Any CPU.Build.0 = Debug|Any CPU
		{F2FB624E-DBE1-4C99-861F-6DAD35A6223D}.Release|Any CPU.ActiveCfg = Release|Any CPU
		{F2FB624E-DBE1-4C99-861F-6DAD35A6223D}.Release|Any CPU.Build.0 = Release|Any CPU
		{77654D63-A381-47DE-B9DB-52273874BE71}.Debug|Any CPU.ActiveCfg = Debug|Any CPU
		{77654D63-A381-47DE-B9DB-52273874BE71}.Debug|Any CPU.Build.0 = Debug|Any CPU
		{77654D63-A381-47DE-B9DB-52273874BE71}.Release|Any CPU.ActiveCfg = Release|Any CPU
		{77654D63-A381-47DE-B9DB-52273874BE71}.Release|Any CPU.Build.0 = Release|Any CPU
		{BC04810B-446E-4CA3-80D1-1DA4B99D3C8A}.Debug|Any CPU.ActiveCfg = Debug|Any CPU
		{BC04810B-446E-4CA3-80D1-1DA4B99D3C8A}.Debug|Any CPU.Build.0 = Debug|Any CPU
		{BC04810B-446E-4CA3-80D1-1DA4B99D3C8A}.Release|Any CPU.ActiveCfg = Release|Any CPU
		{BC04810B-446E-4CA3-80D1-1DA4B99D3C8A}.Release|Any CPU.Build.0 = Release|Any CPU
		{DD47CE47-F8F6-4FC1-BD48-BDAF085DF11D}.Debug|Any CPU.ActiveCfg = Debug|Any CPU
		{DD47CE47-F8F6-4FC1-BD48-BDAF085DF11D}.Debug|Any CPU.Build.0 = Debug|Any CPU
		{DD47CE47-F8F6-4FC1-BD48-BDAF085DF11D}.Release|Any CPU.ActiveCfg = Release|Any CPU
		{DD47CE47-F8F6-4FC1-BD48-BDAF085DF11D}.Release|Any CPU.Build.0 = Release|Any CPU
		{851822CD-ACD4-4484-8593-F3A65A2A2F58}.Debug|Any CPU.ActiveCfg = Debug|Any CPU
		{851822CD-ACD4-4484-8593-F3A65A2A2F58}.Debug|Any CPU.Build.0 = Debug|Any CPU
		{851822CD-ACD4-4484-8593-F3A65A2A2F58}.Release|Any CPU.ActiveCfg = Release|Any CPU
		{851822CD-ACD4-4484-8593-F3A65A2A2F58}.Release|Any CPU.Build.0 = Release|Any CPU
		{60AB81B7-7828-49F6-A258-911529915D26}.Debug|Any CPU.ActiveCfg = Debug|Any CPU
		{60AB81B7-7828-49F6-A258-911529915D26}.Debug|Any CPU.Build.0 = Debug|Any CPU
		{60AB81B7-7828-49F6-A258-911529915D26}.Release|Any CPU.ActiveCfg = Release|Any CPU
		{60AB81B7-7828-49F6-A258-911529915D26}.Release|Any CPU.Build.0 = Release|Any CPU
		{46C08763-F542-4F6C-AB3F-0C62C36A2F06}.Debug|Any CPU.ActiveCfg = Debug|Any CPU
		{46C08763-F542-4F6C-AB3F-0C62C36A2F06}.Debug|Any CPU.Build.0 = Debug|Any CPU
		{46C08763-F542-4F6C-AB3F-0C62C36A2F06}.Release|Any CPU.ActiveCfg = Release|Any CPU
		{46C08763-F542-4F6C-AB3F-0C62C36A2F06}.Release|Any CPU.Build.0 = Release|Any CPU
	EndGlobalSection
	GlobalSection(SolutionProperties) = preSolution
		HideSolutionNode = FALSE
	EndGlobalSection
	GlobalSection(NestedProjects) = preSolution
		{6E444B13-A50E-45AD-A7CB-11A970610D42} = {6AE186F6-BAB1-4143-808F-D4EDD09FB5EB}
		{8982E45C-9F79-4484-ACC8-17B2AAAE7A52} = {6E444B13-A50E-45AD-A7CB-11A970610D42}
		{E04BEDA8-ADE4-463C-8DA5-EB069FEA3579} = {6AE186F6-BAB1-4143-808F-D4EDD09FB5EB}
		{F2FB624E-DBE1-4C99-861F-6DAD35A6223D} = {E04BEDA8-ADE4-463C-8DA5-EB069FEA3579}
		{8DBEDB6B-D911-49BA-9EA3-764D8BCE19EE} = {6AE186F6-BAB1-4143-808F-D4EDD09FB5EB}
		{77654D63-A381-47DE-B9DB-52273874BE71} = {6E444B13-A50E-45AD-A7CB-11A970610D42}
		{BC04810B-446E-4CA3-80D1-1DA4B99D3C8A} = {6E444B13-A50E-45AD-A7CB-11A970610D42}
		{51C7BAF7-0840-4266-9CAE-B07B4FA299A9} = {3988B127-43E6-4D6D-A543-75906666686C}
		{DD47CE47-F8F6-4FC1-BD48-BDAF085DF11D} = {51C7BAF7-0840-4266-9CAE-B07B4FA299A9}
		{851822CD-ACD4-4484-8593-F3A65A2A2F58} = {6E444B13-A50E-45AD-A7CB-11A970610D42}
		{60AB81B7-7828-49F6-A258-911529915D26} = {6E444B13-A50E-45AD-A7CB-11A970610D42}
		{46C08763-F542-4F6C-AB3F-0C62C36A2F06} = {6E444B13-A50E-45AD-A7CB-11A970610D42}
	EndGlobalSection
	GlobalSection(ExtensibilityGlobals) = postSolution
		SolutionGuid = {A461A971-35E2-4950-800B-5D8599E972BD}
	EndGlobalSection
EndGlobal
