
Microsoft Visual Studio Solution File, Format Version 12.00
# Visual Studio Version 17
VisualStudioVersion = 17.1.32203.90
MinimumVisualStudioVersion = 10.0.40219.1
Project("{9A19103F-16F7-4668-BE54-9A1E7A4F7556}") = "CommonComponent", "CommonComponent\CommonComponent.csproj", "{67779B13-BDF8-4CF9-A23F-80E9BE46E890}"
EndProject
Project("{9A19103F-16F7-4668-BE54-9A1E7A4F7556}") = "ManufacturingHub", "ManufacturingHub\ManufacturingHub.csproj", "{931CEF08-5371-4852-98E9-2900F841E9C3}"
EndProject
Project("{9A19103F-16F7-4668-BE54-9A1E7A4F7556}") = "CentralServer", "CentralServer\CentralServer.csproj", "{1C143B68-50F2-41E1-BEB7-34781E19A724}"
EndProject
Global
	GlobalSection(SolutionConfigurationPlatforms) = preSolution
		Debug|Any CPU = Debug|Any CPU
		Release|Any CPU = Release|Any CPU
	EndGlobalSection
	GlobalSection(ProjectConfigurationPlatforms) = postSolution
		{67779B13-BDF8-4CF9-A23F-80E9BE46E890}.Debug|Any CPU.ActiveCfg = Debug|Any CPU
		{67779B13-BDF8-4CF9-A23F-80E9BE46E890}.Debug|Any CPU.Build.0 = Debug|Any CPU
		{67779B13-BDF8-4CF9-A23F-80E9BE46E890}.Release|Any CPU.ActiveCfg = Release|Any CPU
		{67779B13-BDF8-4CF9-A23F-80E9BE46E890}.Release|Any CPU.Build.0 = Release|Any CPU
		{931CEF08-5371-4852-98E9-2900F841E9C3}.Debug|Any CPU.ActiveCfg = Debug|Any CPU
		{931CEF08-5371-4852-98E9-2900F841E9C3}.Debug|Any CPU.Build.0 = Debug|Any CPU
		{931CEF08-5371-4852-98E9-2900F841E9C3}.Release|Any CPU.ActiveCfg = Release|Any CPU
		{931CEF08-5371-4852-98E9-2900F841E9C3}.Release|Any CPU.Build.0 = Release|Any CPU
		{1C143B68-50F2-41E1-BEB7-34781E19A724}.Debug|Any CPU.ActiveCfg = Debug|Any CPU
		{1C143B68-50F2-41E1-BEB7-34781E19A724}.Debug|Any CPU.Build.0 = Debug|Any CPU
		{1C143B68-50F2-41E1-BEB7-34781E19A724}.Release|Any CPU.ActiveCfg = Release|Any CPU
		{1C143B68-50F2-41E1-BEB7-34781E19A724}.Release|Any CPU.Build.0 = Release|Any CPU
	EndGlobalSection
	GlobalSection(SolutionProperties) = preSolution
		HideSolutionNode = FALSE
	EndGlobalSection
	GlobalSection(ExtensibilityGlobals) = postSolution
		SolutionGuid = {B02966F6-2CEF-4504-AF33-9B24AB920EB6}
	EndGlobalSection
EndGlobal
