
Microsoft Visual Studio Solution File, Format Version 12.00
# Visual Studio Version 17
VisualStudioVersion = 17.4.33205.214
MinimumVisualStudioVersion = 10.0.40219.1
Project("{FAE04EC0-301F-11D3-BF4B-00C04F79EFBC}") = "InProgressFunction", "InProgressFunction.csproj", "{848756D0-B9FD-4D14-A234-0766CF885185}"
EndProject
Global
	GlobalSection(SolutionConfigurationPlatforms) = preSolution
		Debug|Any CPU = Debug|Any CPU
		Release|Any CPU = Release|Any CPU
	EndGlobalSection
	GlobalSection(ProjectConfigurationPlatforms) = postSolution
		{848756D0-B9FD-4D14-A234-0766CF885185}.Debug|Any CPU.ActiveCfg = Debug|Any CPU
		{848756D0-B9FD-4D14-A234-0766CF885185}.Debug|Any CPU.Build.0 = Debug|Any CPU
		{848756D0-B9FD-4D14-A234-0766CF885185}.Release|Any CPU.ActiveCfg = Release|Any CPU
		{848756D0-B9FD-4D14-A234-0766CF885185}.Release|Any CPU.Build.0 = Release|Any CPU
	EndGlobalSection
	GlobalSection(SolutionProperties) = preSolution
		HideSolutionNode = FALSE
	EndGlobalSection
	GlobalSection(ExtensibilityGlobals) = postSolution
		SolutionGuid = {C147CAA5-D0BC-47B0-99C4-84FEDA70212F}
	EndGlobalSection
EndGlobal
