
Microsoft Visual Studio Solution File, Format Version 12.00
# Visual Studio Version 17
VisualStudioVersion = 17.5.002.0
MinimumVisualStudioVersion = 10.0.40219.1
Project("{9A19103F-16F7-4668-BE54-9A1E7A4F7556}") = "WebExmaples", "WebExmaples.csproj", "{3DCAE182-629B-494F-BFAD-7DE1D74550DD}"
EndProject
Global
	GlobalSection(SolutionConfigurationPlatforms) = preSolution
		Debug|Any CPU = Debug|Any CPU
		Release|Any CPU = Release|Any CPU
	EndGlobalSection
	GlobalSection(ProjectConfigurationPlatforms) = postSolution
		{3DCAE182-629B-494F-BFAD-7DE1D74550DD}.Debug|Any CPU.ActiveCfg = Debug|Any CPU
		{3DCAE182-629B-494F-BFAD-7DE1D74550DD}.Debug|Any CPU.Build.0 = Debug|Any CPU
		{3DCAE182-629B-494F-BFAD-7DE1D74550DD}.Release|Any CPU.ActiveCfg = Release|Any CPU
		{3DCAE182-629B-494F-BFAD-7DE1D74550DD}.Release|Any CPU.Build.0 = Release|Any CPU
	EndGlobalSection
	GlobalSection(SolutionProperties) = preSolution
		HideSolutionNode = FALSE
	EndGlobalSection
	GlobalSection(ExtensibilityGlobals) = postSolution
		SolutionGuid = {92B25BC0-A15A-42B1-AEAC-B7296933AB3B}
	EndGlobalSection
EndGlobal
