Microsoft Visual Studio Solution File, Format Version 12.00
# Visual Studio Version 17
VisualStudioVersion = 17.2.32317.152
MinimumVisualStudioVersion = 16.0.0.0
Project("{9A19103F-16F7-4668-BE54-9A1E7A4F7556}") = "IdentityAuthen.Client", "Client\IdentityAuthen.Client.csproj", "{12ABBE7C-536C-447C-A890-2339F8818FB2}"
EndProject
Project("{9A19103F-16F7-4668-BE54-9A1E7A4F7556}") = "IdentityAuthen.Shared", "Shared\IdentityAuthen.Shared.csproj", "{A5D3ACCE-00C5-4A2F-877B-DD9134C7C383}"
EndProject
Project("{9A19103F-16F7-4668-BE54-9A1E7A4F7556}") = "IdentityAuthen.Server", "Server\IdentityAuthen.Server.csproj", "{4B1AE77D-4456-457E-88CE-7FB91DF22AA0}"
EndProject
Global
	GlobalSection(SolutionConfigurationPlatforms) = preSolution
		Debug|Any CPU = Debug|Any CPU
		Debug|x64 = Debug|x64
		Debug|x86 = Debug|x86
		Release|Any CPU = Release|Any CPU
		Release|x64 = Release|x64
		Release|x86 = Release|x86
	EndGlobalSection
	GlobalSection(ProjectConfigurationPlatforms) = postSolution
		{12ABBE7C-536C-447C-A890-2339F8818FB2}.Debug|Any CPU.ActiveCfg = Debug|Any CPU
		{12ABBE7C-536C-447C-A890-2339F8818FB2}.Debug|Any CPU.Build.0 = Debug|Any CPU
		{12ABBE7C-536C-447C-A890-2339F8818FB2}.Debug|x64.ActiveCfg = Debug|Any CPU
		{12ABBE7C-536C-447C-A890-2339F8818FB2}.Debug|x64.Build.0 = Debug|Any CPU
		{12ABBE7C-536C-447C-A890-2339F8818FB2}.Debug|x86.ActiveCfg = Debug|Any CPU
		{12ABBE7C-536C-447C-A890-2339F8818FB2}.Debug|x86.Build.0 = Debug|Any CPU
		{12ABBE7C-536C-447C-A890-2339F8818FB2}.Release|Any CPU.ActiveCfg = Release|Any CPU
		{12ABBE7C-536C-447C-A890-2339F8818FB2}.Release|Any CPU.Build.0 = Release|Any CPU
		{12ABBE7C-536C-447C-A890-2339F8818FB2}.Release|x64.ActiveCfg = Release|Any CPU
		{12ABBE7C-536C-447C-A890-2339F8818FB2}.Release|x64.Build.0 = Release|Any CPU
		{12ABBE7C-536C-447C-A890-2339F8818FB2}.Release|x86.ActiveCfg = Release|Any CPU
		{12ABBE7C-536C-447C-A890-2339F8818FB2}.Release|x86.Build.0 = Release|Any CPU
		{A5D3ACCE-00C5-4A2F-877B-DD9134C7C383}.Debug|Any CPU.ActiveCfg = Debug|Any CPU
		{A5D3ACCE-00C5-4A2F-877B-DD9134C7C383}.Debug|Any CPU.Build.0 = Debug|Any CPU
		{A5D3ACCE-00C5-4A2F-877B-DD9134C7C383}.Debug|x64.ActiveCfg = Debug|Any CPU
		{A5D3ACCE-00C5-4A2F-877B-DD9134C7C383}.Debug|x64.Build.0 = Debug|Any CPU
		{A5D3ACCE-00C5-4A2F-877B-DD9134C7C383}.Debug|x86.ActiveCfg = Debug|Any CPU
		{A5D3ACCE-00C5-4A2F-877B-DD9134C7C383}.Debug|x86.Build.0 = Debug|Any CPU
		{A5D3ACCE-00C5-4A2F-877B-DD9134C7C383}.Release|Any CPU.ActiveCfg = Release|Any CPU
		{A5D3ACCE-00C5-4A2F-877B-DD9134C7C383}.Release|Any CPU.Build.0 = Release|Any CPU
		{A5D3ACCE-00C5-4A2F-877B-DD9134C7C383}.Release|x64.ActiveCfg = Release|Any CPU
		{A5D3ACCE-00C5-4A2F-877B-DD9134C7C383}.Release|x64.Build.0 = Release|Any CPU
		{A5D3ACCE-00C5-4A2F-877B-DD9134C7C383}.Release|x86.ActiveCfg = Release|Any CPU
		{A5D3ACCE-00C5-4A2F-877B-DD9134C7C383}.Release|x86.Build.0 = Release|Any CPU
		{4B1AE77D-4456-457E-88CE-7FB91DF22AA0}.Debug|Any CPU.ActiveCfg = Debug|Any CPU
		{4B1AE77D-4456-457E-88CE-7FB91DF22AA0}.Debug|Any CPU.Build.0 = Debug|Any CPU
		{4B1AE77D-4456-457E-88CE-7FB91DF22AA0}.Debug|x64.ActiveCfg = Debug|Any CPU
		{4B1AE77D-4456-457E-88CE-7FB91DF22AA0}.Debug|x64.Build.0 = Debug|Any CPU
		{4B1AE77D-4456-457E-88CE-7FB91DF22AA0}.Debug|x86.ActiveCfg = Debug|Any CPU
		{4B1AE77D-4456-457E-88CE-7FB91DF22AA0}.Debug|x86.Build.0 = Debug|Any CPU
		{4B1AE77D-4456-457E-88CE-7FB91DF22AA0}.Release|Any CPU.ActiveCfg = Release|Any CPU
		{4B1AE77D-4456-457E-88CE-7FB91DF22AA0}.Release|Any CPU.Build.0 = Release|Any CPU
		{4B1AE77D-4456-457E-88CE-7FB91DF22AA0}.Release|x64.ActiveCfg = Release|Any CPU
		{4B1AE77D-4456-457E-88CE-7FB91DF22AA0}.Release|x64.Build.0 = Release|Any CPU
		{4B1AE77D-4456-457E-88CE-7FB91DF22AA0}.Release|x86.ActiveCfg = Release|Any CPU
		{4B1AE77D-4456-457E-88CE-7FB91DF22AA0}.Release|x86.Build.0 = Release|Any CPU
	EndGlobalSection
	GlobalSection(SolutionProperties) = preSolution
		HideSolutionNode = FALSE
	EndGlobalSection
	GlobalSection(ExtensibilityGlobals) = postSolution
		SolutionGuid = {07ED7D65-AAE4-470D-A5DF-A9893911C52F}
	EndGlobalSection
EndGlobal
