
Microsoft Visual Studio Solution File, Format Version 12.00
# Visual Studio Version 17
VisualStudioVersion = 17.3.32901.215
MinimumVisualStudioVersion = 10.0.40219.1
Project("{FAE04EC0-301F-11D3-BF4B-00C04F79EFBC}") = "FunctionApp1", "FunctionApp1.csproj", "{C4F79D2C-BB9C-4E11-BA58-3B68870A3B59}"
EndProject
Global
	GlobalSection(SolutionConfigurationPlatforms) = preSolution
		Debug|Any CPU = Debug|Any CPU
		Release|Any CPU = Release|Any CPU
	EndGlobalSection
	GlobalSection(ProjectConfigurationPlatforms) = postSolution
		{C4F79D2C-BB9C-4E11-BA58-3B68870A3B59}.Debug|Any CPU.ActiveCfg = Debug|Any CPU
		{C4F79D2C-BB9C-4E11-BA58-3B68870A3B59}.Debug|Any CPU.Build.0 = Debug|Any CPU
		{C4F79D2C-BB9C-4E11-BA58-3B68870A3B59}.Release|Any CPU.ActiveCfg = Release|Any CPU
		{C4F79D2C-BB9C-4E11-BA58-3B68870A3B59}.Release|Any CPU.Build.0 = Release|Any CPU
	EndGlobalSection
	GlobalSection(SolutionProperties) = preSolution
		HideSolutionNode = FALSE
	EndGlobalSection
	GlobalSection(ExtensibilityGlobals) = postSolution
		SolutionGuid = {5F349F2E-1989-462C-814C-9B1641532E05}
	EndGlobalSection
EndGlobal
